<Solution>
  <Project Path="Assembly-CSharp.csproj" />
  <Project Path="DungeonStory.Combat.csproj" />
  <Project Path="DungeonStory.Economy.csproj" />
  <Project Path="DungeonStory.Infrastructure.csproj" />
  <Project Path="DungeonStory.Captivity.csproj" />
  <Project Path="DungeonStory.Survival.csproj" />
  <Project Path="DungeonStory.Presentation.csproj" />
  <Project Path="Assembly-CSharp-Editor.csproj" />
  <Project Path="DungeonStory.Buildings.csproj" />
  <Project Path="DungeonStory.Content.csproj" />
  <Project Path="DungeonStory.Evolution.csproj" />
  <Project Path="DungeonStory.Research.csproj" />
  <Project Path="DungeonStory.AI.csproj" />
  <Project Path="DungeonStory.Wildlife.csproj" />
  <Project Path="DamageNumbersPro.csproj" />
  <Project Path="DungeonStory.Meta.csproj" />
  <Project Path="DungeonStory.Invasion.csproj" />
  <Project Path="DungeonStory.Work.csproj" />
  <Project Path="DungeonStory.Factions.csproj" />
  <Project Path="DungeonStory.Codex.csproj" />
  <Project Path="DungeonStory.Offense.csproj" />
  <Project Path="Assembly-CSharp-firstpass.csproj" />
  <Project Path="DungeonStory.Operation.csproj" />
  <Project Path="DungeonStory.Medical.csproj" />
  <Project Path="DungeonStory.Foundation.csproj" />
  <Project Path="DungeonStory.Characters.csproj" />
  <Project Path="DungeonStory.Rooms.csproj" />
  <Project Path="DungeonStory.Architecture.Tests.csproj" />
  <Project Path="DungeonStory.CoreSession.csproj" />
  <Project Path="DungeonStory.Grid.csproj" />
  <Project Path="DungeonStory.Production.csproj" />
  <Project Path="DungeonStory.Environment.csproj" />
  <Project Path="Assembly-CSharp-Editor-firstpass.csproj" />
  <Project Path="DungeonStory.Automation.csproj" />
  <Project Path="DungeonStory.World.csproj" />
  <Project Path="DungeonStory.SessionRuntime.csproj" />
  <Project Path="DungeonStory.Exterior.csproj" />
  <Project Path="DungeonStory.Run.csproj" />
  <Project Path="DungeonStory.FacilityEvolution.csproj" />
  <Project Path="DungeonStory.CharacterNeeds.csproj" />
  <Project Path="DungeonStory.Species.csproj" />
  <Project Path="DungeonStory.Synthesis.csproj" />
  <Project Path="DungeonStory.Recruitment.Editor.csproj" />
  <Project Path="DungeonStory.FacilityShop.Editor.csproj" />
  <Project Path="DungeonStory.Defense.csproj" />
  <Project Path="DungeonStory.FacilityShop.csproj" />
  <Project Path="DungeonStory.Synthesis.Editor.csproj" />
  <Project Path="DungeonStory.Foundation.Tests.csproj" />
  <Project Path="DungeonStory.Buildings.Editor.csproj" />
  <Project Path="DungeonStory.Items.csproj" />
  <Project Path="DungeonStory.ServiceRooms.csproj" />
  <Project Path="DungeonStory.Recruitment.csproj" />
</Solution>
